{
  "name": "RELEASE 1.2.5",
  "lockfileVersion": 3,
  "requires": true,
  "packages": {
    "": {
      "dependencies": {
        "kyber-crystals": "^1.0.7"
      }
    },
    "node_modules/kyber-crystals": {
      "version": "1.0.7",
      "resolved": "https://registry.npmjs.org/kyber-crystals/-/kyber-crystals-1.0.7.tgz",
      "integrity": "sha512-kaiBjNMdzVHaptkYZwal2Jw28AkaCPSBIaKhpcTXozC8B9FbLXW1uMc80rQZfVsmxdgEvWctWIaSJJN6BVJ4bw==",
      "license": "MIT"
    }
  }
}
